
Microsoft Visual Studio Solution File, Format Version 12.00
# Visual Studio Version 16
VisualStudioVersion = 16.0.31911.196
MinimumVisualStudioVersion = 10.0.40219.1
Project("{FAE04EC0-301F-11D3-BF4B-00C04F79EFBC}") = "EncapsulationProject", "EncapsulationProject.csproj", "{F80AA784-58F7-41A2-92A8-F5411ADECD56}"
EndProject
Global
	GlobalSection(SolutionConfigurationPlatforms) = preSolution
		Debug|Any CPU = Debug|Any CPU
		Release|Any CPU = Release|Any CPU
	EndGlobalSection
	GlobalSection(ProjectConfigurationPlatforms) = postSolution
		{F80AA784-58F7-41A2-92A8-F5411ADECD56}.Debug|Any CPU.ActiveCfg = Debug|Any CPU
		{F80AA784-58F7-41A2-92A8-F5411ADECD56}.Debug|Any CPU.Build.0 = Debug|Any CPU
		{F80AA784-58F7-41A2-92A8-F5411ADECD56}.Release|Any CPU.ActiveCfg = Release|Any CPU
		{F80AA784-58F7-41A2-92A8-F5411ADECD56}.Release|Any CPU.Build.0 = Release|Any CPU
	EndGlobalSection
	GlobalSection(SolutionProperties) = preSolution
		HideSolutionNode = FALSE
	EndGlobalSection
	GlobalSection(ExtensibilityGlobals) = postSolution
		SolutionGuid = {BA17E611-07A5-4B32-9475-A9B627397CAD}
	EndGlobalSection
EndGlobal
